
Microsoft Visual Studio Solution File, Format Version 12.00
# Visual Studio 15
VisualStudioVersion = 15.0.26730.12
MinimumVisualStudioVersion = 10.0.40219.1
Project("{9A19103F-16F7-4668-BE54-9A1E7A4F7556}") = "Polgresso.PolicyMaker.Web.Service", "Polgresso.PolicyMaker.Web.Service\Polgresso.PolicyMaker.Web.Service.csproj", "{BEAD594C-1883-4727-B822-F947772FC5A6}"
EndProject
Project("{9A19103F-16F7-4668-BE54-9A1E7A4F7556}") = "Polgresso.Entities", "Polgresso.Entities\Polgresso.Entities.csproj", "{7BF8BF29-A95B-4A6A-A5CA-98E50219C508}"
EndProject
Project("{FAE04EC0-301F-11D3-BF4B-00C04F79EFBC}") = "Polgresso.Dtos", "Polgresso.Dtos\Polgresso.Dtos.csproj", "{2783F1FA-CA1D-4655-B905-53AFACC423D4}"
EndProject
Global
	GlobalSection(SolutionConfigurationPlatforms) = preSolution
		Debug|Any CPU = Debug|Any CPU
		Release|Any CPU = Release|Any CPU
	EndGlobalSection
	GlobalSection(ProjectConfigurationPlatforms) = postSolution
		{BEAD594C-1883-4727-B822-F947772FC5A6}.Debug|Any CPU.ActiveCfg = Debug|Any CPU
		{BEAD594C-1883-4727-B822-F947772FC5A6}.Debug|Any CPU.Build.0 = Debug|Any CPU
		{BEAD594C-1883-4727-B822-F947772FC5A6}.Release|Any CPU.ActiveCfg = Release|Any CPU
		{BEAD594C-1883-4727-B822-F947772FC5A6}.Release|Any CPU.Build.0 = Release|Any CPU
		{7BF8BF29-A95B-4A6A-A5CA-98E50219C508}.Debug|Any CPU.ActiveCfg = Debug|Any CPU
		{7BF8BF29-A95B-4A6A-A5CA-98E50219C508}.Debug|Any CPU.Build.0 = Debug|Any CPU
		{7BF8BF29-A95B-4A6A-A5CA-98E50219C508}.Release|Any CPU.ActiveCfg = Release|Any CPU
		{7BF8BF29-A95B-4A6A-A5CA-98E50219C508}.Release|Any CPU.Build.0 = Release|Any CPU
		{2783F1FA-CA1D-4655-B905-53AFACC423D4}.Debug|Any CPU.ActiveCfg = Debug|Any CPU
		{2783F1FA-CA1D-4655-B905-53AFACC423D4}.Debug|Any CPU.Build.0 = Debug|Any CPU
		{2783F1FA-CA1D-4655-B905-53AFACC423D4}.Release|Any CPU.ActiveCfg = Release|Any CPU
		{2783F1FA-CA1D-4655-B905-53AFACC423D4}.Release|Any CPU.Build.0 = Release|Any CPU
	EndGlobalSection
	GlobalSection(SolutionProperties) = preSolution
		HideSolutionNode = FALSE
	EndGlobalSection
	GlobalSection(ExtensibilityGlobals) = postSolution
		SolutionGuid = {34832E00-42E2-41E5-8B31-172E0626A54A}
	EndGlobalSection
EndGlobal
